{
  "nodes": {
    "arion": {
      "inputs": {
        "flake-parts": "flake-parts",
        "haskell-flake": "haskell-flake",
        "nixpkgs": [
          "nixpkgs"
        ]
      },
      "locked": {
        "lastModified": 1677362634,
        "narHash": "sha256-TbXibbeyPHFS+WVMlBQ3lY2L6Re5y3qUsZaHYtLQvkw=",
        "owner": "hercules-ci",
        "repo": "arion",
        "rev": "0f27ae484f34a8f0bbc5ef495a96f3a3cecb3eb3",
        "type": "github"
      },
      "original": {
        "owner": "hercules-ci",
        "repo": "arion",
        "type": "github"
      }
    },
    "blank": {
      "locked": {
        "lastModified": 1625557891,
        "narHash": "sha256-O8/MWsPBGhhyPoPLHZAuoZiiHo9q6FLlEeIDEXuj6T4=",
        "owner": "divnix",
        "repo": "blank",
        "rev": "5a5d2684073d9f563072ed07c871d577a6c614a8",
        "type": "github"
      },
      "original": {
        "owner": "divnix",
        "repo": "blank",
        "type": "github"
      }
    },
    "blank_2": {
      "locked": {
        "lastModified": 1625557891,
        "narHash": "sha256-O8/MWsPBGhhyPoPLHZAuoZiiHo9q6FLlEeIDEXuj6T4=",
        "owner": "divnix",
        "repo": "blank",
        "rev": "5a5d2684073d9f563072ed07c871d577a6c614a8",
        "type": "github"
      },
      "original": {
        "owner": "divnix",
        "repo": "blank",
        "type": "github"
      }
    },
    "colmena": {
      "inputs": {
        "flake-compat": [
          "blank"
        ],
        "flake-utils": "flake-utils",
        "nixpkgs": [
          "nixpkgs"
        ],
        "stable": "stable"
      },
      "locked": {
        "lastModified": 1675730932,
        "narHash": "sha256-XcmirehPIcZGS7PzkS3WvAYQ9GBlBvCxYToIOIV2PVE=",
        "owner": "zhaofengli",
        "repo": "colmena",
        "rev": "e034c15825c439131e4489de5a82cf8e5398fa61",
        "type": "github"
      },
      "original": {
        "owner": "zhaofengli",
        "repo": "colmena",
        "type": "github"
      }
    },
    "devshell": {
      "inputs": {
        "flake-utils": [
          "std",
          "flake-utils"
        ],
        "nixpkgs": [
          "std",
          "nixpkgs"
        ]
      },
      "locked": {
        "lastModified": 1663445644,
        "narHash": "sha256-+xVlcK60x7VY1vRJbNUEAHi17ZuoQxAIH4S4iUFUGBA=",
        "owner": "numtide",
        "repo": "devshell",
        "rev": "e3dc3e21594fe07bdb24bdf1c8657acaa4cb8f66",
        "type": "github"
      },
      "original": {
        "owner": "numtide",
        "repo": "devshell",
        "type": "github"
      }
    },
    "disko": {
      "locked": {
        "lastModified": 1625557891,
        "narHash": "sha256-O8/MWsPBGhhyPoPLHZAuoZiiHo9q6FLlEeIDEXuj6T4=",
        "owner": "divnix",
        "repo": "blank",
        "rev": "5a5d2684073d9f563072ed07c871d577a6c614a8",
        "type": "github"
      },
      "original": {
        "owner": "divnix",
        "repo": "blank",
        "type": "github"
      }
    },
    "dmerge": {
      "inputs": {
        "nixlib": [
          "std",
          "nixpkgs"
        ],
        "yants": [
          "std",
          "yants"
        ]
      },
      "locked": {
        "lastModified": 1659548052,
        "narHash": "sha256-fzI2gp1skGA8mQo/FBFrUAtY0GQkAIAaV/V127TJPyY=",
        "owner": "divnix",
        "repo": "data-merge",
        "rev": "d160d18ce7b1a45b88344aa3f13ed1163954b497",
        "type": "github"
      },
      "original": {
        "owner": "divnix",
        "repo": "data-merge",
        "type": "github"
      }
    },
    "doom-emacs": {
      "flake": false,
      "locked": {
        "lastModified": 1662497747,
        "narHash": "sha256-4n7E1fqda7cn5/F2jTkOnKw1juG6XMS/FI9gqODL3aU=",
        "owner": "doomemacs",
        "repo": "doomemacs",
        "rev": "3853dff5e11655e858d0bfae64b70cb12ef685ac",
        "type": "github"
      },
      "original": {
        "owner": "doomemacs",
        "repo": "doomemacs",
        "rev": "3853dff5e11655e858d0bfae64b70cb12ef685ac",
        "type": "github"
      }
    },
    "doom-snippets": {
      "flake": false,
      "locked": {
        "lastModified": 1676839496,
        "narHash": "sha256-1Ay9zi0u1lycmEeFqIxr0RWH+JvH9BnzgRzkPeWEAYY=",
        "owner": "doomemacs",
        "repo": "snippets",
        "rev": "fe4003014ae00b866f117cb193f711fd9d72fd11",
        "type": "github"
      },
      "original": {
        "owner": "doomemacs",
        "repo": "snippets",
        "type": "github"
      }
    },
    "emacs-overlay": {
      "flake": false,
      "locked": {
        "lastModified": 1676366521,
        "narHash": "sha256-i4UAY8t9Au9SJtsgYppa3NHSVf1YkV6yqnNIQd+Km4g=",
        "owner": "nix-community",
        "repo": "emacs-overlay",
        "rev": "c16be6de78ea878aedd0292aa5d4a1ee0a5da501",
        "type": "github"
      },
      "original": {
        "owner": "nix-community",
        "repo": "emacs-overlay",
        "rev": "c16be6de78ea878aedd0292aa5d4a1ee0a5da501",
        "type": "github"
      }
    },
    "emacs-so-long": {
      "flake": false,
      "locked": {
        "lastModified": 1575031854,
        "narHash": "sha256-xIa5zO0ZaToDrec1OFjBK6l39AbA4l/CE4LInVu2hi0=",
        "owner": "hlissner",
        "repo": "emacs-so-long",
        "rev": "ed666b0716f60e8988c455804de24b55919e71ca",
        "type": "github"
      },
      "original": {
        "owner": "hlissner",
        "repo": "emacs-so-long",
        "type": "github"
      }
    },
    "evil-escape": {
      "flake": false,
      "locked": {
        "lastModified": 1588439096,
        "narHash": "sha256-aB2Ge5o/93B18tPf4fN1c+O46CNh/nOqwLJbox4c8Gw=",
        "owner": "hlissner",
        "repo": "evil-escape",
        "rev": "819f1ee1cf3f69a1ae920e6004f2c0baeebbe077",
        "type": "github"
      },
      "original": {
        "owner": "hlissner",
        "repo": "evil-escape",
        "type": "github"
      }
    },
    "evil-markdown": {
      "flake": false,
      "locked": {
        "lastModified": 1626852210,
        "narHash": "sha256-HBBuZ1VWIn6kwK5CtGIvHM1+9eiNiKPH0GUsyvpUVN8=",
        "owner": "Somelauw",
        "repo": "evil-markdown",
        "rev": "8e6cc68af83914b2fa9fd3a3b8472573dbcef477",
        "type": "github"
      },
      "original": {
        "owner": "Somelauw",
        "repo": "evil-markdown",
        "type": "github"
      }
    },
    "evil-org-mode": {
      "flake": false,
      "locked": {
        "lastModified": 1607203864,
        "narHash": "sha256-JxwqVYDN6OIJEH15MVI6XOZAPtUWUhJQWHyzcrUvrFg=",
        "owner": "hlissner",
        "repo": "evil-org-mode",
        "rev": "a9706da260c45b98601bcd72b1d2c0a24a017700",
        "type": "github"
      },
      "original": {
        "owner": "hlissner",
        "repo": "evil-org-mode",
        "type": "github"
      }
    },
    "evil-quick-diff": {
      "flake": false,
      "locked": {
        "lastModified": 1575189609,
        "narHash": "sha256-oGzl1ayW9rIuq0haoiFS7RZsS8NFMdEA7K1BSozgnJU=",
        "owner": "rgrinberg",
        "repo": "evil-quick-diff",
        "rev": "69c883720b30a892c63bc89f49d4f0e8b8028908",
        "type": "github"
      },
      "original": {
        "owner": "rgrinberg",
        "repo": "evil-quick-diff",
        "type": "github"
      }
    },
    "explain-pause-mode": {
      "flake": false,
      "locked": {
        "lastModified": 1595842060,
        "narHash": "sha256-++znrjiDSx+cy4okFBBXUBkRFdtnE2x+trkmqjB3Njs=",
        "owner": "lastquestion",
        "repo": "explain-pause-mode",
        "rev": "2356c8c3639cbeeb9751744dbe737267849b4b51",
        "type": "github"
      },
      "original": {
        "owner": "lastquestion",
        "repo": "explain-pause-mode",
        "type": "github"
      }
    },
    "flake-compat": {
      "flake": false,
      "locked": {
        "lastModified": 1673956053,
        "narHash": "sha256-4gtG9iQuiKITOjNQQeQIpoIB6b16fm+504Ch3sNKLd8=",
        "owner": "edolstra",
        "repo": "flake-compat",
        "rev": "35bb57c0c8d8b62bbfd284272c928ceb64ddbde9",
        "type": "github"
      },
      "original": {
        "owner": "edolstra",
        "repo": "flake-compat",
        "type": "github"
      }
    },
    "flake-parts": {
      "inputs": {
        "nixpkgs-lib": [
          "arion",
          "nixpkgs"
        ]
      },
      "locked": {
        "lastModified": 1675933616,
        "narHash": "sha256-/rczJkJHtx16IFxMmAWu5nNYcSXNg1YYXTHoGjLrLUA=",
        "owner": "hercules-ci",
        "repo": "flake-parts",
        "rev": "47478a4a003e745402acf63be7f9a092d51b83d7",
        "type": "github"
      },
      "original": {
        "owner": "hercules-ci",
        "repo": "flake-parts",
        "type": "github"
      }
    },
    "flake-utils": {
      "locked": {
        "lastModified": 1659877975,
        "narHash": "sha256-zllb8aq3YO3h8B/U0/J1WBgAL8EX5yWf5pMj3G0NAmc=",
        "owner": "numtide",
        "repo": "flake-utils",
        "rev": "c0e246b9b83f637f4681389ecabcb2681b4f3af0",
        "type": "github"
      },
      "original": {
        "owner": "numtide",
        "repo": "flake-utils",
        "type": "github"
      }
    },
    "flake-utils_2": {
      "locked": {
        "lastModified": 1676283394,
        "narHash": "sha256-XX2f9c3iySLCw54rJ/CZs+ZK6IQy7GXNY4nSOyu2QG4=",
        "owner": "numtide",
        "repo": "flake-utils",
        "rev": "3db36a8b464d0c4532ba1c7dda728f4576d6d073",
        "type": "github"
      },
      "original": {
        "owner": "numtide",
        "repo": "flake-utils",
        "type": "github"
      }
    },
    "flake-utils_3": {
      "locked": {
        "lastModified": 1659877975,
        "narHash": "sha256-zllb8aq3YO3h8B/U0/J1WBgAL8EX5yWf5pMj3G0NAmc=",
        "owner": "numtide",
        "repo": "flake-utils",
        "rev": "c0e246b9b83f637f4681389ecabcb2681b4f3af0",
        "type": "github"
      },
      "original": {
        "owner": "numtide",
        "repo": "flake-utils",
        "type": "github"
      }
    },
    "format-all": {
      "flake": false,
      "locked": {
        "lastModified": 1581716637,
        "narHash": "sha256-ul7LCe60W8TIvUmUtZtZRo8489TK9iTPDsLHmzxY57M=",
        "owner": "lassik",
        "repo": "emacs-format-all-the-code",
        "rev": "47d862d40a088ca089c92cd393c6dca4628f87d3",
        "type": "github"
      },
      "original": {
        "owner": "lassik",
        "repo": "emacs-format-all-the-code",
        "rev": "47d862d40a088ca089c92cd393c6dca4628f87d3",
        "type": "github"
      }
    },
    "haskell-flake": {
      "locked": {
        "lastModified": 1675296942,
        "narHash": "sha256-u1X1sblozi5qYEcLp1hxcyo8FfDHnRUVX3dJ/tW19jY=",
        "owner": "srid",
        "repo": "haskell-flake",
        "rev": "c2cafce9d57bfca41794dc3b99c593155006c71e",
        "type": "github"
      },
      "original": {
        "owner": "srid",
        "ref": "0.1.0",
        "repo": "haskell-flake",
        "type": "github"
      }
    },
    "hive": {
      "inputs": {
        "colmena": [
          "colmena"
        ],
        "disko": "disko",
        "home-manager": [
          "home-manager"
        ],
        "nixos-generators": [
          "nixos-generators"
        ],
        "nixpkgs": [
          "nixpkgs"
        ],
        "paisano": "paisano"
      },
      "locked": {
        "lastModified": 1678590262,
        "narHash": "sha256-w5O/b5mvtofEf5PT2Q06HLQ2WsZM3MiHH5oX7DEp0OQ=",
        "owner": "divnix",
        "repo": "hive",
        "rev": "6355b9746709343291eb8ad1d7430560d867f749",
        "type": "github"
      },
      "original": {
        "owner": "divnix",
        "repo": "hive",
        "type": "github"
      }
    },
    "home-manager": {
      "inputs": {
        "nixpkgs": [
          "nixpkgs"
        ],
        "utils": "utils"
      },
      "locked": {
        "lastModified": 1678285456,
        "narHash": "sha256-2rIk5OFGQmoFX1MWntKGPVCZvy5yQMX3ZCYz7i8+yb0=",
        "owner": "nix-community",
        "repo": "home-manager",
        "rev": "b0be47978de5cfd729a79c3f57ace4c86364ff45",
        "type": "github"
      },
      "original": {
        "owner": "nix-community",
        "ref": "release-22.11",
        "repo": "home-manager",
        "type": "github"
      }
    },
    "incl": {
      "inputs": {
        "nixlib": [
          "std",
          "nixpkgs"
        ]
      },
      "locked": {
        "lastModified": 1669263024,
        "narHash": "sha256-E/+23NKtxAqYG/0ydYgxlgarKnxmDbg6rCMWnOBqn9Q=",
        "owner": "divnix",
        "repo": "incl",
        "rev": "ce7bebaee048e4cd7ebdb4cee7885e00c4e2abca",
        "type": "github"
      },
      "original": {
        "owner": "divnix",
        "repo": "incl",
        "type": "github"
      }
    },
    "n2c": {
      "inputs": {
        "flake-utils": [
          "std",
          "flake-utils"
        ],
        "nixpkgs": [
          "std",
          "nixpkgs"
        ]
      },
      "locked": {
        "lastModified": 1677330646,
        "narHash": "sha256-hUYCwJneMjnxTvj30Fjow6UMJUITqHlpUGpXMPXUJsU=",
        "owner": "nlewo",
        "repo": "nix2container",
        "rev": "ebca8f58d450cae1a19c07701a5a8ae40afc9efc",
        "type": "github"
      },
      "original": {
        "owner": "nlewo",
        "repo": "nix2container",
        "type": "github"
      }
    },
    "nix-doom-emacs": {
      "inputs": {
        "doom-emacs": "doom-emacs",
        "doom-snippets": "doom-snippets",
        "emacs-overlay": "emacs-overlay",
        "emacs-so-long": "emacs-so-long",
        "evil-escape": "evil-escape",
        "evil-markdown": "evil-markdown",
        "evil-org-mode": "evil-org-mode",
        "evil-quick-diff": "evil-quick-diff",
        "explain-pause-mode": "explain-pause-mode",
        "flake-compat": "flake-compat",
        "flake-utils": "flake-utils_2",
        "format-all": "format-all",
        "nix-straight": "nix-straight",
        "nixpkgs": [
          "nixpkgs"
        ],
        "nose": "nose",
        "ob-racket": "ob-racket",
        "org": "org",
        "org-contrib": "org-contrib",
        "org-yt": "org-yt",
        "php-extras": "php-extras",
        "revealjs": "revealjs",
        "rotate-text": "rotate-text",
        "sln-mode": "sln-mode",
        "ts-fold": "ts-fold",
        "ws-butler": "ws-butler"
      },
      "locked": {
        "lastModified": 1678412173,
        "narHash": "sha256-6JVSsVwXQcIGZAaZsExsR1TLRBvSw1hOqUH3dLSLn4M=",
        "owner": "nix-community",
        "repo": "nix-doom-emacs",
        "rev": "4b836ed0756534228ef73e53f0c7ae5bf26ce82b",
        "type": "github"
      },
      "original": {
        "owner": "nix-community",
        "repo": "nix-doom-emacs",
        "type": "github"
      }
    },
    "nix-straight": {
      "flake": false,
      "locked": {
        "lastModified": 1666982610,
        "narHash": "sha256-xjgIrmUsekVTE+MpZb5DMU8DQf9DJ/ZiR0o30L9/XCc=",
        "owner": "nix-community",
        "repo": "nix-straight.el",
        "rev": "ad10364d64f472c904115fd38d194efe1c3f1226",
        "type": "github"
      },
      "original": {
        "owner": "nix-community",
        "repo": "nix-straight.el",
        "type": "github"
      }
    },
    "nixago": {
      "inputs": {
        "flake-utils": [
          "std",
          "flake-utils"
        ],
        "nixago-exts": [
          "std",
          "blank"
        ],
        "nixpkgs": [
          "std",
          "nixpkgs"
        ]
      },
      "locked": {
        "lastModified": 1676075813,
        "narHash": "sha256-X/aIT8Qc8UCqnxJvaZykx3CJ0ZnDFvO+dqp/7fglZWo=",
        "owner": "nix-community",
        "repo": "nixago",
        "rev": "9cab4dde31ec2f2c05d702ea8648ce580664e906",
        "type": "github"
      },
      "original": {
        "owner": "nix-community",
        "repo": "nixago",
        "type": "github"
      }
    },
    "nixos-generators": {
      "inputs": {
        "nixlib": [
          "nixpkgs"
        ],
        "nixpkgs": [
          "nixpkgs"
        ]
      },
      "locked": {
        "lastModified": 1678351966,
        "narHash": "sha256-tRFEU0lu3imZb3dtELBY+UbEhWXbb0xlBrsIlpICb+A=",
        "owner": "nix-community",
        "repo": "nixos-generators",
        "rev": "0c043999b16caba6fb571af2d228775729829943",
        "type": "github"
      },
      "original": {
        "owner": "nix-community",
        "repo": "nixos-generators",
        "type": "github"
      }
    },
    "nixos-hardware": {
      "locked": {
        "lastModified": 1678397099,
        "narHash": "sha256-5xq8YJe+h19TlD+EI4AE/3H3jcCcQ2AWU6CWBVc5tRc=",
        "owner": "nixos",
        "repo": "nixos-hardware",
        "rev": "556101ff85bd6e20900ec73ee525b935154bc8ea",
        "type": "github"
      },
      "original": {
        "owner": "nixos",
        "repo": "nixos-hardware",
        "type": "github"
      }
    },
    "nixpkgs": {
      "locked": {
        "lastModified": 1678230755,
        "narHash": "sha256-SFAXgNjNTXzcAideXcP0takfUGVft/VR5CACmYHg+Fc=",
        "owner": "nixos",
        "repo": "nixpkgs",
        "rev": "a7cc81913bb3cd1ef05ed0ece048b773e1839e51",
        "type": "github"
      },
      "original": {
        "owner": "nixos",
        "ref": "nixos-22.11",
        "repo": "nixpkgs",
        "type": "github"
      }
    },
    "nose": {
      "flake": false,
      "locked": {
        "lastModified": 1400604510,
        "narHash": "sha256-daEi8Kta1oGaDEmUUDDQMahTTPOpvNpDKk22rlr7cB0=",
        "owner": "emacsattic",
        "repo": "nose",
        "rev": "f8528297519eba911696c4e68fa88892de9a7b72",
        "type": "github"
      },
      "original": {
        "owner": "emacsattic",
        "repo": "nose",
        "type": "github"
      }
    },
    "nosys": {
      "locked": {
        "lastModified": 1668010795,
        "narHash": "sha256-JBDVBnos8g0toU7EhIIqQ1If5m/nyBqtHhL3sicdPwI=",
        "owner": "divnix",
        "repo": "nosys",
        "rev": "feade0141487801c71ff55623b421ed535dbdefa",
        "type": "github"
      },
      "original": {
        "owner": "divnix",
        "repo": "nosys",
        "type": "github"
      }
    },
    "nosys_2": {
      "locked": {
        "lastModified": 1668010795,
        "narHash": "sha256-JBDVBnos8g0toU7EhIIqQ1If5m/nyBqtHhL3sicdPwI=",
        "owner": "divnix",
        "repo": "nosys",
        "rev": "feade0141487801c71ff55623b421ed535dbdefa",
        "type": "github"
      },
      "original": {
        "owner": "divnix",
        "repo": "nosys",
        "type": "github"
      }
    },
    "ob-racket": {
      "flake": false,
      "locked": {
        "lastModified": 1584656173,
        "narHash": "sha256-rBUYDDCXb+3D4xTPQo9UocbTPZ32kWV1Uya/1DmZknU=",
        "owner": "xchrishawk",
        "repo": "ob-racket",
        "rev": "83457ec9e1e96a29fd2086ed19432b9d75787673",
        "type": "github"
      },
      "original": {
        "owner": "xchrishawk",
        "repo": "ob-racket",
        "type": "github"
      }
    },
    "org": {
      "flake": false,
      "locked": {
        "lastModified": 1678194588,
        "narHash": "sha256-sN/UYf5pQWOtHEw+IlVrEey3cmitudch7InCzqw3jXI=",
        "owner": "emacs-straight",
        "repo": "org-mode",
        "rev": "8589de94d8a44cd566eb3fe128f8091d7e958ee9",
        "type": "github"
      },
      "original": {
        "owner": "emacs-straight",
        "repo": "org-mode",
        "type": "github"
      }
    },
    "org-contrib": {
      "flake": false,
      "locked": {
        "lastModified": 1675694242,
        "narHash": "sha256-4Fn33CTVTCqh5TyVAggSr8Fm8/hB8Xgl+hkxh3WCrI8=",
        "owner": "emacsmirror",
        "repo": "org-contrib",
        "rev": "fff6c888065588527b1c1d7dd7e41c29ef767e17",
        "type": "github"
      },
      "original": {
        "owner": "emacsmirror",
        "repo": "org-contrib",
        "type": "github"
      }
    },
    "org-yt": {
      "flake": false,
      "locked": {
        "lastModified": 1527381913,
        "narHash": "sha256-dzQ6B7ryzatHCTLyEnRSbWO0VUiX/FHYnpHTs74aVUs=",
        "owner": "TobiasZawada",
        "repo": "org-yt",
        "rev": "40cc1ac76d741055cbefa13860d9f070a7ade001",
        "type": "github"
      },
      "original": {
        "owner": "TobiasZawada",
        "repo": "org-yt",
        "type": "github"
      }
    },
    "paisano": {
      "inputs": {
        "nixpkgs": [
          "hive",
          "nixpkgs"
        ],
        "nosys": "nosys",
        "yants": "yants"
      },
      "locked": {
        "lastModified": 1678562978,
        "narHash": "sha256-GaPyKdB0RvSBIgPxKkdJHTG/FyKsT0Ku5zifLEjr3QQ=",
        "owner": "divnix",
        "repo": "paisano",
        "rev": "f71a2db9414d66663c03a65ade97a9f353fb6d55",
        "type": "github"
      },
      "original": {
        "owner": "divnix",
        "repo": "paisano",
        "type": "github"
      }
    },
    "paisano-tui": {
      "inputs": {
        "nixpkgs": [
          "std",
          "blank"
        ],
        "std": [
          "std"
        ]
      },
      "locked": {
        "lastModified": 1677533603,
        "narHash": "sha256-Nq1dH/qn7Wg/Tj1+id+ZM3o0fzqonW73jAgY3mCp35M=",
        "owner": "paisano-nix",
        "repo": "tui",
        "rev": "802958d123b0a5437441be0cab1dee487b0ed3eb",
        "type": "github"
      },
      "original": {
        "owner": "paisano-nix",
        "repo": "tui",
        "type": "github"
      }
    },
    "paisano_2": {
      "inputs": {
        "nixpkgs": [
          "std",
          "nixpkgs"
        ],
        "nosys": "nosys_2",
        "yants": [
          "std",
          "yants"
        ]
      },
      "locked": {
        "lastModified": 1678562978,
        "narHash": "sha256-GaPyKdB0RvSBIgPxKkdJHTG/FyKsT0Ku5zifLEjr3QQ=",
        "owner": "paisano-nix",
        "repo": "core",
        "rev": "f71a2db9414d66663c03a65ade97a9f353fb6d55",
        "type": "github"
      },
      "original": {
        "owner": "paisano-nix",
        "repo": "core",
        "type": "github"
      }
    },
    "php-extras": {
      "flake": false,
      "locked": {
        "lastModified": 1573312690,
        "narHash": "sha256-r4WyVbzvT0ra4Z6JywNBOw5RxOEYd6Qe2IpebHXkj1U=",
        "owner": "arnested",
        "repo": "php-extras",
        "rev": "d410c5af663c30c01d461ac476d1cbfbacb49367",
        "type": "github"
      },
      "original": {
        "owner": "arnested",
        "repo": "php-extras",
        "type": "github"
      }
    },
    "revealjs": {
      "flake": false,
      "locked": {
        "lastModified": 1678242855,
        "narHash": "sha256-T9btOHiOdvhC1JijcfGOBc84miAbEb7CWd1Wvzae5m8=",
        "owner": "hakimel",
        "repo": "reveal.js",
        "rev": "724c4fee274914dd2d997b7584cf603c44e96c72",
        "type": "github"
      },
      "original": {
        "owner": "hakimel",
        "repo": "reveal.js",
        "type": "github"
      }
    },
    "root": {
      "inputs": {
        "arion": "arion",
        "blank": "blank",
        "colmena": "colmena",
        "hive": "hive",
        "home-manager": "home-manager",
        "nix-doom-emacs": "nix-doom-emacs",
        "nixos-generators": "nixos-generators",
        "nixos-hardware": "nixos-hardware",
        "nixpkgs": "nixpkgs",
        "std": "std",
        "std-data-collection": "std-data-collection"
      }
    },
    "rotate-text": {
      "flake": false,
      "locked": {
        "lastModified": 1322962747,
        "narHash": "sha256-SOeOgSlcEIsKhUiYDJv0p+mLUb420s9E2BmvZQvZ0wk=",
        "owner": "debug-ito",
        "repo": "rotate-text.el",
        "rev": "48f193697db996855aee1ad2bc99b38c6646fe76",
        "type": "github"
      },
      "original": {
        "owner": "debug-ito",
        "repo": "rotate-text.el",
        "type": "github"
      }
    },
    "sln-mode": {
      "flake": false,
      "locked": {
        "lastModified": 1423727528,
        "narHash": "sha256-XqkqPyEJuTtFslOz1fpTf/Klbd/zA7IGpzpmum/MGao=",
        "owner": "sensorflo",
        "repo": "sln-mode",
        "rev": "0f91d1b957c7d2a7bab9278ec57b54d57f1dbd9c",
        "type": "github"
      },
      "original": {
        "owner": "sensorflo",
        "repo": "sln-mode",
        "type": "github"
      }
    },
    "stable": {
      "locked": {
        "lastModified": 1669735802,
        "narHash": "sha256-qtG/o/i5ZWZLmXw108N2aPiVsxOcidpHJYNkT45ry9Q=",
        "owner": "NixOS",
        "repo": "nixpkgs",
        "rev": "731cc710aeebecbf45a258e977e8b68350549522",
        "type": "github"
      },
      "original": {
        "owner": "NixOS",
        "ref": "nixos-22.11",
        "repo": "nixpkgs",
        "type": "github"
      }
    },
    "std": {
      "inputs": {
        "arion": [
          "arion"
        ],
        "blank": "blank_2",
        "devshell": "devshell",
        "dmerge": "dmerge",
        "flake-utils": "flake-utils_3",
        "incl": "incl",
        "makes": [
          "std",
          "blank"
        ],
        "microvm": [
          "std",
          "blank"
        ],
        "n2c": "n2c",
        "nixago": "nixago",
        "nixpkgs": [
          "nixpkgs"
        ],
        "paisano": "paisano_2",
        "paisano-tui": "paisano-tui",
        "yants": "yants_2"
      },
      "locked": {
        "lastModified": 1678563420,
        "narHash": "sha256-a7M0mDG9VmRykwbINlah9IJtP7DKOuU2YlnI4brG5us=",
        "owner": "divnix",
        "repo": "std",
        "rev": "112cb5d025e344f58e3a4446c4bf034e318ea1bb",
        "type": "github"
      },
      "original": {
        "owner": "divnix",
        "repo": "std",
        "type": "github"
      }
    },
    "std-data-collection": {
      "inputs": {
        "nixpkgs": [
          "nixpkgs"
        ],
        "std": [
          "std"
        ]
      },
      "locked": {
        "lastModified": 1676163535,
        "narHash": "sha256-xofkWLBqU4zj5vzJhWor2Z9CyPGKt7UGkTchsCT48Po=",
        "owner": "divnix",
        "repo": "std-data-collection",
        "rev": "f713d81a6197e1b0854fb201cc7acde5ef9e93d4",
        "type": "github"
      },
      "original": {
        "owner": "divnix",
        "repo": "std-data-collection",
        "type": "github"
      }
    },
    "ts-fold": {
      "flake": false,
      "locked": {
        "lastModified": 1678360867,
        "narHash": "sha256-aVJhKsbnJgHXDbhL8eqpnsS98zbXGWlxZBA2fpNTNJg=",
        "owner": "jcs-elpa",
        "repo": "ts-fold",
        "rev": "cde9c90b073c32ad6b9b53d9b42e4a03b6d5fdc2",
        "type": "github"
      },
      "original": {
        "owner": "jcs-elpa",
        "repo": "ts-fold",
        "type": "github"
      }
    },
    "utils": {
      "locked": {
        "lastModified": 1676283394,
        "narHash": "sha256-XX2f9c3iySLCw54rJ/CZs+ZK6IQy7GXNY4nSOyu2QG4=",
        "owner": "numtide",
        "repo": "flake-utils",
        "rev": "3db36a8b464d0c4532ba1c7dda728f4576d6d073",
        "type": "github"
      },
      "original": {
        "owner": "numtide",
        "repo": "flake-utils",
        "type": "github"
      }
    },
    "ws-butler": {
      "flake": false,
      "locked": {
        "lastModified": 1634511126,
        "narHash": "sha256-c0y0ZPtxxICPk+eaNbbQf6t+FRCliNY54CCz9QHQ8ZI=",
        "owner": "hlissner",
        "repo": "ws-butler",
        "rev": "572a10c11b6cb88293de48acbb59a059d36f9ba5",
        "type": "github"
      },
      "original": {
        "owner": "hlissner",
        "repo": "ws-butler",
        "type": "github"
      }
    },
    "yants": {
      "inputs": {
        "nixpkgs": [
          "hive",
          "paisano",
          "nixpkgs"
        ]
      },
      "locked": {
        "lastModified": 1677285314,
        "narHash": "sha256-hlAcg2514zKrPu8jn24BUsIjjvXvCLdw1jvKgBTpqko=",
        "owner": "divnix",
        "repo": "yants",
        "rev": "9eab24b273ce021406c852166c216b86e2bb4ec4",
        "type": "github"
      },
      "original": {
        "owner": "divnix",
        "repo": "yants",
        "type": "github"
      }
    },
    "yants_2": {
      "inputs": {
        "nixpkgs": [
          "std",
          "nixpkgs"
        ]
      },
      "locked": {
        "lastModified": 1667096281,
        "narHash": "sha256-wRRec6ze0gJHmGn6m57/zhz/Kdvp9HS4Nl5fkQ+uIuA=",
        "owner": "divnix",
        "repo": "yants",
        "rev": "d18f356ec25cb94dc9c275870c3a7927a10f8c3c",
        "type": "github"
      },
      "original": {
        "owner": "divnix",
        "repo": "yants",
        "type": "github"
      }
    }
  },
  "root": "root",
  "version": 7
}
